{
  "projects": [
    {
      "projectId": "r3ASNrnyvLLLAtDvzUioQ",
      "version": "3.14.0",
      "dependencies": {},
      "lang": "ts",
      "fileLocks": [
        {
          "assetId": "r3ASNrnyvLLLAtDvzUioQ",
          "type": "projectCss",
          "checksum": "97ec772be5160e37b26814fd84fdccb9"
        }
      ],
      "codegenVersion": "0.0.1"
    },
    {
      "projectId": "caTPwKxj5ZrD9LQ7DMdK4Z",
      "version": "3.18.0",
      "dependencies": {},
      "lang": "ts",
      "fileLocks": [
        {
          "assetId": "caTPwKxj5ZrD9LQ7DMdK4Z",
          "type": "projectCss",
          "checksum": "9fe64c4dd8439ba4d2df6de161f0ad40"
        }
      ],
      "codegenVersion": "0.0.1"
    },
    {
      "projectId": "7nJ7UcFmq9UzB6eXfC5z4a",
      "version": "0.16.0",
      "dependencies": {},
      "lang": "ts",
      "fileLocks": [
        {
          "assetId": "7nJ7UcFmq9UzB6eXfC5z4a",
          "type": "projectCss",
          "checksum": "05587b57f22f0ec8bb54543deb39762e"
        }
      ],
      "codegenVersion": "0.0.1"
    },
    {
      "projectId": "kmmGrmCVRJPgZ5NNJMDQ4v",
      "version": "0.15.0",
      "dependencies": {},
      "lang": "ts",
      "fileLocks": [
        {
          "assetId": "kmmGrmCVRJPgZ5NNJMDQ4v",
          "type": "projectCss",
          "checksum": "dd353f09fbdedf2e1c1db4ee86664b82"
        },
        {
          "assetId": "kmmGrmCVRJPgZ5NNJMDQ4v",
          "checksum": "6f481a4d31f5b4ae5e42a82231055e5d",
          "type": "globalContexts"
        }
      ],
      "codegenVersion": "0.0.1"
    },
    {
      "projectId": "hjKYmYi6HMwK6TRyk7ew5R",
      "version": "6.19.0",
      "dependencies": {},
      "lang": "ts",
      "fileLocks": [
        {
          "assetId": "hjKYmYi6HMwK6TRyk7ew5R",
          "type": "projectCss",
          "checksum": "e76cee85e96cb3fff580d5552a47cfe4"
        },
        {
          "assetId": "hjKYmYi6HMwK6TRyk7ew5R",
          "checksum": "812fdf26bc85a5e0d100a76859d3ee26",
          "type": "globalContexts"
        }
      ],
      "codegenVersion": "0.0.1"
    },
    {
      "projectId": "YUiM7yqBWAqsh8KSnrdj7",
      "version": "0.17.0",
      "dependencies": {},
      "lang": "ts",
      "fileLocks": [
        {
          "assetId": "YUiM7yqBWAqsh8KSnrdj7",
          "type": "projectCss",
          "checksum": "dac72600b04b6e6a3014e82512a15fe1"
        }
      ],
      "codegenVersion": "0.0.1"
    },
    {
      "projectId": "nufvo23EJ9AYcWXG5ppmCa",
      "version": "latest",
      "dependencies": {
        "YUiM7yqBWAqsh8KSnrdj7": "0.17.0",
        "hjKYmYi6HMwK6TRyk7ew5R": "6.19.0",
        "kmmGrmCVRJPgZ5NNJMDQ4v": "0.15.0",
        "7nJ7UcFmq9UzB6eXfC5z4a": "0.16.0",
        "caTPwKxj5ZrD9LQ7DMdK4Z": "3.18.0",
        "r3ASNrnyvLLLAtDvzUioQ": "3.14.0"
      },
      "lang": "ts",
      "fileLocks": [
        {
          "type": "globalVariant",
          "assetId": "ROLQiFvOIO8r1y",
          "checksum": "94b3d06314e2c273123b64d13f0609b1"
        },
        {
          "assetId": "nufvo23EJ9AYcWXG5ppmCa",
          "type": "projectCss",
          "checksum": "2f5bad96704427d666c836528ed2025b"
        },
        {
          "assetId": "nufvo23EJ9AYcWXG5ppmCa",
          "checksum": "8c90968ced1c0765ea48988921ad5295",
          "type": "globalContexts"
        },
        {
          "type": "renderModule",
          "assetId": "ssRYsV6MW4BtS",
          "checksum": "86b141dc04f1f801527783f15db465c4"
        },
        {
          "type": "cssRules",
          "assetId": "ssRYsV6MW4BtS",
          "checksum": "86b141dc04f1f801527783f15db465c4"
        },
        {
          "type": "renderModule",
          "assetId": "ipIedihqf1cRC",
          "checksum": "9096f5243dbfd3f17245e9fab340610b"
        },
        {
          "type": "cssRules",
          "assetId": "ipIedihqf1cRC",
          "checksum": "9096f5243dbfd3f17245e9fab340610b"
        },
        {
          "type": "renderModule",
          "assetId": "gx5PD9FdbLZLB",
          "checksum": "f17977a85339088f5303908ab374285e"
        },
        {
          "type": "cssRules",
          "assetId": "gx5PD9FdbLZLB",
          "checksum": "f17977a85339088f5303908ab374285e"
        },
        {
          "type": "renderModule",
          "assetId": "aZJUqEsmc1wDvb",
          "checksum": "02a528a3a7676d0beeff51921ca4fb8c"
        },
        {
          "type": "cssRules",
          "assetId": "aZJUqEsmc1wDvb",
          "checksum": "02a528a3a7676d0beeff51921ca4fb8c"
        },
        {
          "type": "renderModule",
          "assetId": "f_chbjdfhmPW6V",
          "checksum": "9f329ad3f64fc69cc3e3344dca00aa55"
        },
        {
          "type": "cssRules",
          "assetId": "f_chbjdfhmPW6V",
          "checksum": "9f329ad3f64fc69cc3e3344dca00aa55"
        },
        {
          "type": "renderModule",
          "assetId": "iM4jt9ttW4r95w",
          "checksum": "2cebec5b03c1ad98afd979823667c151"
        },
        {
          "type": "cssRules",
          "assetId": "iM4jt9ttW4r95w",
          "checksum": "2cebec5b03c1ad98afd979823667c151"
        },
        {
          "type": "renderModule",
          "assetId": "glMBohLXQeJoow",
          "checksum": "78c5f6d12e2383cb3b0cf0fd80c2a09d"
        },
        {
          "type": "cssRules",
          "assetId": "glMBohLXQeJoow",
          "checksum": "78c5f6d12e2383cb3b0cf0fd80c2a09d"
        },
        {
          "type": "renderModule",
          "assetId": "Jm27I2OupsUC4Z",
          "checksum": "7169843fa63ce83668913e1d98799ecb"
        },
        {
          "type": "cssRules",
          "assetId": "Jm27I2OupsUC4Z",
          "checksum": "7169843fa63ce83668913e1d98799ecb"
        },
        {
          "type": "renderModule",
          "assetId": "tATSIvg-wEr20C",
          "checksum": "8cd31009dee2dbf6ad054cda72b5ebd3"
        },
        {
          "type": "cssRules",
          "assetId": "tATSIvg-wEr20C",
          "checksum": "8cd31009dee2dbf6ad054cda72b5ebd3"
        },
        {
          "type": "renderModule",
          "assetId": "4UoC0vnIbmV5tJ",
          "checksum": "19c64b72a10a7ce44bcb84d61b063bee"
        },
        {
          "type": "cssRules",
          "assetId": "4UoC0vnIbmV5tJ",
          "checksum": "19c64b72a10a7ce44bcb84d61b063bee"
        },
        {
          "type": "renderModule",
          "assetId": "NTg4eYbqEyMIt6",
          "checksum": "cc6477387d58a7eb64fe1f04b6270b88"
        },
        {
          "type": "cssRules",
          "assetId": "NTg4eYbqEyMIt6",
          "checksum": "cc6477387d58a7eb64fe1f04b6270b88"
        },
        {
          "type": "renderModule",
          "assetId": "tdmOh6uO2Zoq8d",
          "checksum": "1937bfccb349c311c60669cff4df0bdf"
        },
        {
          "type": "cssRules",
          "assetId": "tdmOh6uO2Zoq8d",
          "checksum": "1937bfccb349c311c60669cff4df0bdf"
        },
        {
          "type": "renderModule",
          "assetId": "v04wyjw104Scyc",
          "checksum": "3a0992edb4d6f9e4d0b9505dee20a895"
        },
        {
          "type": "cssRules",
          "assetId": "v04wyjw104Scyc",
          "checksum": "3a0992edb4d6f9e4d0b9505dee20a895"
        },
        {
          "type": "renderModule",
          "assetId": "_ePJquMzW8mMEg",
          "checksum": "0f0021ff67991f9c8ecf3cb8053cacdb"
        },
        {
          "type": "cssRules",
          "assetId": "_ePJquMzW8mMEg",
          "checksum": "0f0021ff67991f9c8ecf3cb8053cacdb"
        },
        {
          "type": "renderModule",
          "assetId": "_J7qP3siszdpBj",
          "checksum": "413cbf55a1973bca87d08821930d25d3"
        },
        {
          "type": "cssRules",
          "assetId": "_J7qP3siszdpBj",
          "checksum": "413cbf55a1973bca87d08821930d25d3"
        },
        {
          "type": "renderModule",
          "assetId": "tIy_v0PVRisw56",
          "checksum": "8cebc31612c313ed6fa8b2804459339f"
        },
        {
          "type": "cssRules",
          "assetId": "tIy_v0PVRisw56",
          "checksum": "8cebc31612c313ed6fa8b2804459339f"
        },
        {
          "type": "renderModule",
          "assetId": "aqZMewCFB6XOe3",
          "checksum": "d261a370ea13719c132fcc4b7171636e"
        },
        {
          "type": "cssRules",
          "assetId": "aqZMewCFB6XOe3",
          "checksum": "d261a370ea13719c132fcc4b7171636e"
        },
        {
          "type": "renderModule",
          "assetId": "DpW8HdsgmKJD3r",
          "checksum": "508a85aeba68fffd3a0fd901131fa169"
        },
        {
          "type": "cssRules",
          "assetId": "DpW8HdsgmKJD3r",
          "checksum": "508a85aeba68fffd3a0fd901131fa169"
        },
        {
          "type": "renderModule",
          "assetId": "KxIUcipxd1QYGV",
          "checksum": "b1bb5eb63f395d6fd62c48e5dcdaaed0"
        },
        {
          "type": "cssRules",
          "assetId": "KxIUcipxd1QYGV",
          "checksum": "b1bb5eb63f395d6fd62c48e5dcdaaed0"
        },
        {
          "type": "renderModule",
          "assetId": "GLH2KLNEdU9FJ5",
          "checksum": "c7b9740c56158dd6a296d966a23990db"
        },
        {
          "type": "cssRules",
          "assetId": "GLH2KLNEdU9FJ5",
          "checksum": "c7b9740c56158dd6a296d966a23990db"
        },
        {
          "type": "renderModule",
          "assetId": "o-e_v-oA1tf5qO",
          "checksum": "ef139298d708c0bb15693ad77396ff77"
        },
        {
          "type": "cssRules",
          "assetId": "o-e_v-oA1tf5qO",
          "checksum": "ef139298d708c0bb15693ad77396ff77"
        },
        {
          "type": "renderModule",
          "assetId": "cJzbFBengNs4lv",
          "checksum": "87dfc751c9c98e46d2d9f289830b8cd8"
        },
        {
          "type": "cssRules",
          "assetId": "cJzbFBengNs4lv",
          "checksum": "87dfc751c9c98e46d2d9f289830b8cd8"
        },
        {
          "type": "renderModule",
          "assetId": "6BFk6B-AEb8LZp",
          "checksum": "107d8d48f7bbd1f8be0213ee5790acb2"
        },
        {
          "type": "cssRules",
          "assetId": "6BFk6B-AEb8LZp",
          "checksum": "107d8d48f7bbd1f8be0213ee5790acb2"
        },
        {
          "type": "renderModule",
          "assetId": "ZQw00dWBpoLbaX",
          "checksum": "ecf06ffbf970d361624db526c84fb0d1"
        },
        {
          "type": "cssRules",
          "assetId": "ZQw00dWBpoLbaX",
          "checksum": "ecf06ffbf970d361624db526c84fb0d1"
        },
        {
          "type": "renderModule",
          "assetId": "T1Q_qxt1lgHH90",
          "checksum": "5924c60808eb0d552b99bb33167c9f28"
        },
        {
          "type": "cssRules",
          "assetId": "T1Q_qxt1lgHH90",
          "checksum": "5924c60808eb0d552b99bb33167c9f28"
        },
        {
          "type": "renderModule",
          "assetId": "Vd7_V3xxh3_G37",
          "checksum": "957d0518833766c62a7d40db2fd0f931"
        },
        {
          "type": "cssRules",
          "assetId": "Vd7_V3xxh3_G37",
          "checksum": "957d0518833766c62a7d40db2fd0f931"
        },
        {
          "type": "renderModule",
          "assetId": "O5V3xu3H9CGDXP",
          "checksum": "d0195f9e8ce14281c1781cf4d9f63d21"
        },
        {
          "type": "cssRules",
          "assetId": "O5V3xu3H9CGDXP",
          "checksum": "d0195f9e8ce14281c1781cf4d9f63d21"
        },
        {
          "type": "renderModule",
          "assetId": "7G4_FbNP6Mo1DR",
          "checksum": "b795b6b4b9059c351f1981aa3001f2bc"
        },
        {
          "type": "cssRules",
          "assetId": "7G4_FbNP6Mo1DR",
          "checksum": "b795b6b4b9059c351f1981aa3001f2bc"
        },
        {
          "type": "renderModule",
          "assetId": "tXA3og35dEUBjA",
          "checksum": "98604127b1f272d3f6e47b23f642cef2"
        },
        {
          "type": "cssRules",
          "assetId": "tXA3og35dEUBjA",
          "checksum": "98604127b1f272d3f6e47b23f642cef2"
        },
        {
          "type": "renderModule",
          "assetId": "L_Do75x7nPR-ad",
          "checksum": "f93dd293968c6291b27bd46d927e2f7c"
        },
        {
          "type": "cssRules",
          "assetId": "L_Do75x7nPR-ad",
          "checksum": "f93dd293968c6291b27bd46d927e2f7c"
        },
        {
          "type": "renderModule",
          "assetId": "rWlxJFDd3FBS6q",
          "checksum": "b708130bca512792be0b275d936257a5"
        },
        {
          "type": "cssRules",
          "assetId": "rWlxJFDd3FBS6q",
          "checksum": "b708130bca512792be0b275d936257a5"
        },
        {
          "type": "renderModule",
          "assetId": "Yr47Qwon0DEkwE",
          "checksum": "48bfb2e1367b2eb39dda59840b09dd99"
        },
        {
          "type": "cssRules",
          "assetId": "Yr47Qwon0DEkwE",
          "checksum": "48bfb2e1367b2eb39dda59840b09dd99"
        },
        {
          "type": "renderModule",
          "assetId": "CAWhKh9E6OeU2V",
          "checksum": "c71bdc2ac2e4e86b038c2b76d33bba56"
        },
        {
          "type": "cssRules",
          "assetId": "CAWhKh9E6OeU2V",
          "checksum": "c71bdc2ac2e4e86b038c2b76d33bba56"
        },
        {
          "type": "renderModule",
          "assetId": "QYVeR0XqEgqagfZ",
          "checksum": "e650f04dba497994ab0968a025e981b6"
        },
        {
          "type": "cssRules",
          "assetId": "QYVeR0XqEgqagfZ",
          "checksum": "e650f04dba497994ab0968a025e981b6"
        },
        {
          "type": "renderModule",
          "assetId": "UsYWXw6QCqj7Ct3",
          "checksum": "932248e5e2cd41345239adec00d1e553"
        },
        {
          "type": "cssRules",
          "assetId": "UsYWXw6QCqj7Ct3",
          "checksum": "932248e5e2cd41345239adec00d1e553"
        },
        {
          "type": "renderModule",
          "assetId": "dD42IkglJIq3U",
          "checksum": "ef90f9d34dc762e042a829d51942bae5"
        },
        {
          "type": "cssRules",
          "assetId": "dD42IkglJIq3U",
          "checksum": "ef90f9d34dc762e042a829d51942bae5"
        },
        {
          "type": "renderModule",
          "assetId": "RxH9BtngrkuSst",
          "checksum": "9ec63ac3a5a34b3f13d77dcf032c795b"
        },
        {
          "type": "cssRules",
          "assetId": "RxH9BtngrkuSst",
          "checksum": "9ec63ac3a5a34b3f13d77dcf032c795b"
        },
        {
          "type": "renderModule",
          "assetId": "ugo9AOLGXQW2pV",
          "checksum": "4c9239d2b0a50d569f79a8e894256163"
        },
        {
          "type": "cssRules",
          "assetId": "ugo9AOLGXQW2pV",
          "checksum": "4c9239d2b0a50d569f79a8e894256163"
        },
        {
          "type": "renderModule",
          "assetId": "9UgeZIsDyXY2hZ",
          "checksum": "9275f6b55d75af15500a2a7a10fa33a6"
        },
        {
          "type": "cssRules",
          "assetId": "9UgeZIsDyXY2hZ",
          "checksum": "9275f6b55d75af15500a2a7a10fa33a6"
        },
        {
          "type": "renderModule",
          "assetId": "6O_sz714mBswDr",
          "checksum": "1adafe83fd50995eed95e40af99e2121"
        },
        {
          "type": "cssRules",
          "assetId": "6O_sz714mBswDr",
          "checksum": "1adafe83fd50995eed95e40af99e2121"
        },
        {
          "type": "icon",
          "assetId": "kLGc1zu5KSap2N",
          "checksum": "138da0c30f5dc29fdc2767515cc7302c"
        },
        {
          "type": "icon",
          "assetId": "a9AE017t50jUQh",
          "checksum": "12bdb97f026c19c837d3680b42fe6f8c"
        },
        {
          "type": "icon",
          "assetId": "MuQSk4as3p6tzw",
          "checksum": "d801f572e78b472db5917385226c2df6"
        },
        {
          "type": "icon",
          "assetId": "L9EENe9RoA5eyu",
          "checksum": "4def8024ce67e9142a401da4fbae3f3b"
        },
        {
          "type": "icon",
          "assetId": "tsQlz5HHabFO6P",
          "checksum": "ef57887b2dd57c6921e24f83596f6e29"
        },
        {
          "type": "icon",
          "assetId": "34k6u-1ZQn_opx",
          "checksum": "c52fe1c6acb557a884fc452b433dc342"
        },
        {
          "type": "icon",
          "assetId": "LhDieFJkyAEPTj",
          "checksum": "2545598f31c341e684616de8cccbc6ae"
        },
        {
          "type": "icon",
          "assetId": "QUSzHjte2RyipV",
          "checksum": "524ea3916ac394ff11e96f37de9b1277"
        },
        {
          "type": "icon",
          "assetId": "KQ9s2fqLDylSSs",
          "checksum": "f43dac0da352fe90f516d5c20f69ad05"
        },
        {
          "type": "icon",
          "assetId": "6UuGVHIMiBSBgw",
          "checksum": "9c3967c40731d9a0d57b4098f7ea900f"
        },
        {
          "type": "icon",
          "assetId": "IlqVxFccnbA3WO",
          "checksum": "c20b9ec677ca9145b98f2e265bbac54d"
        },
        {
          "type": "image",
          "assetId": "ARMRyhT4-WyKkA",
          "checksum": "a340aa5be22fb12f8e038b4b504eb604"
        },
        {
          "type": "image",
          "assetId": "cpc6C9pwqZQvPA",
          "checksum": "715f87db7ff58b89fecbd915be251220"
        },
        {
          "type": "image",
          "assetId": "eXJRN-vIkEvAjx",
          "checksum": "06c6e3e5762e73a641492fa4a746f4ba"
        },
        {
          "type": "image",
          "assetId": "vo1oGiW7hu41U0",
          "checksum": "82376030d402c0c6ad648068b9a6ac61"
        },
        {
          "type": "image",
          "assetId": "w_g1fSgA3Wb9p0",
          "checksum": "59327681baeca885938b541749d34056"
        },
        {
          "type": "image",
          "assetId": "dbgmsLcKkHtyTr",
          "checksum": "59e5ab04c3b8ecb7d295d51fa4a1807d"
        },
        {
          "type": "image",
          "assetId": "4VpogH83iKTl5d",
          "checksum": "35a3da064424d3f6edf449e5897ffc57"
        },
        {
          "type": "image",
          "assetId": "KVkbtylWRW_oSe",
          "checksum": "77f5e2ed7ae6f3be279ab77133bf3924"
        },
        {
          "type": "image",
          "assetId": "o1-luwak_goEPA",
          "checksum": "5b06d57098c5c771b09d38450a667e16"
        },
        {
          "type": "image",
          "assetId": "l2PbekTly5AGTR",
          "checksum": "02d8c3d37e97a937d94ec99c09b86db5"
        },
        {
          "type": "image",
          "assetId": "pcnZt_aKPU-8i3",
          "checksum": "acfe808bef6bb92a6f885f9397f2ba16"
        },
        {
          "type": "image",
          "assetId": "vCzgqwefA0eFc8",
          "checksum": "33149c2582e8240421acf3e3f30d22b1"
        },
        {
          "type": "image",
          "assetId": "wyMIW4bLv386NP",
          "checksum": "33c8c9e844e940db027aadf19f280b59"
        },
        {
          "type": "image",
          "assetId": "-JuPjkNKIl_YuK",
          "checksum": "36e19f66b172caae50e2de1b336c3351"
        },
        {
          "type": "image",
          "assetId": "J0nRJRyzlAxluL",
          "checksum": "9ecc4d0a3b607d6b0bfb466e13d3bc51"
        },
        {
          "type": "image",
          "assetId": "SkxUVhiQGXkL15",
          "checksum": "3a64a923eb6654f89cea57e2c9d7d416"
        },
        {
          "type": "image",
          "assetId": "f7ZRS4wHo1_9m_",
          "checksum": "478f2f6c92bc1b014602fab82cb8bc89"
        },
        {
          "type": "image",
          "assetId": "hsdenaaJB_hfY3",
          "checksum": "7d7a7b31e9f84454bc2e7a7d108fff7a"
        },
        {
          "type": "image",
          "assetId": "aL2Fo2daX87bg7",
          "checksum": "f10a70cb58b09e9d43cbb19b4bd6e04a"
        },
        {
          "type": "image",
          "assetId": "jT1_7VYvxIofnR",
          "checksum": "5630c98be24474b1dead018319eda28b"
        },
        {
          "type": "image",
          "assetId": "KGIciN4soYhtmd",
          "checksum": "a319449e8f47765f022057e5c06ee464"
        },
        {
          "type": "image",
          "assetId": "jvQM7rKeDJswVi",
          "checksum": "e210e329ac3f7efa968053d53f78ba8e"
        },
        {
          "type": "image",
          "assetId": "zYXJjwxN3ejMcf",
          "checksum": "3d8aa000e1cbe307f9157c39b8533cdd"
        },
        {
          "type": "image",
          "assetId": "V0VLAArbRP9MUW",
          "checksum": "9865f1709a49605916801728b7581024"
        },
        {
          "type": "image",
          "assetId": "YGBvW3Jp14Y6LN",
          "checksum": "ea7e4ca83e19078c319deaaa25e927f1"
        },
        {
          "type": "image",
          "assetId": "f5bPHv5k4l7U60",
          "checksum": "f573dd05afec2ea1bbc9f7bf0f1f0107"
        },
        {
          "type": "image",
          "assetId": "gP-PHU2Xic0Mxh",
          "checksum": "1cfe232ecbd4b9ce1d502d9b31a7decc"
        },
        {
          "type": "image",
          "assetId": "ESlfk3wCSRLcoQ",
          "checksum": "c4b28091b9b2dab4848e80323fe5ceaa"
        },
        {
          "type": "image",
          "assetId": "NyciX7w1pCNp6n",
          "checksum": "b9afe8b7756f7fb92ededcf20e014418"
        },
        {
          "type": "image",
          "assetId": "j_yZKBthRVvM64",
          "checksum": "70e07ad6e4db7437b6960575f5f7c1bb"
        },
        {
          "type": "image",
          "assetId": "_tlXF6pBwUjtQJ",
          "checksum": "4edd11b5a0ded4a8791ca9a14084d540"
        },
        {
          "type": "image",
          "assetId": "PD2QsClWZ5kd2T",
          "checksum": "87c2c9cd225cb19c0d73ba7d460541e5"
        },
        {
          "type": "image",
          "assetId": "1Cj_amszb36jc6",
          "checksum": "433b69d14f3027586632e41301f97723"
        },
        {
          "type": "image",
          "assetId": "06oIE2gZpA-XHc",
          "checksum": "7865f1cbec2b5c1a3b05c10977c3d17c"
        },
        {
          "type": "image",
          "assetId": "lR0bfWBZ_yDq9R",
          "checksum": "aabaa4d315ee645890cba9caea12fc54"
        },
        {
          "type": "image",
          "assetId": "XKzAQT-WGm2fAw",
          "checksum": "2df6cfc0bb8b6a40d6748e27e400b152"
        },
        {
          "type": "image",
          "assetId": "U3yr98LGkdYlRI",
          "checksum": "909eef573c367df8a4077ad11dd72af3"
        },
        {
          "type": "image",
          "assetId": "oZAXiofYdJdg90",
          "checksum": "b7cfea758becbfac025ca40344432962"
        },
        {
          "type": "image",
          "assetId": "n69gbIHoGY9wL1",
          "checksum": "575600187f2f2fd532c2970f4b848514"
        },
        {
          "type": "image",
          "assetId": "A42XNF5hZLoHaH",
          "checksum": "fcb88c1e100e66566de4d191f2aaad3a"
        },
        {
          "type": "image",
          "assetId": "sFkGn8Dw13POh7",
          "checksum": "ed3f98c215933b92c755a12debeffda0"
        },
        {
          "type": "image",
          "assetId": "udwekkAT3eiJu6",
          "checksum": "04b3061f3d511c3b70515770e819bdc9"
        },
        {
          "type": "image",
          "assetId": "HsoaeiN4RQH_xP",
          "checksum": "458986d89aa4dad61889c53963f537dc"
        },
        {
          "type": "image",
          "assetId": "jVWxbegGuxXTv0",
          "checksum": "cbd4c5c49ee926c668267af9c68d3bbf"
        },
        {
          "type": "image",
          "assetId": "XQ2lGEGk95pj6d",
          "checksum": "53feacb6e637913bd8862dee62b73d96"
        },
        {
          "type": "image",
          "assetId": "Bs5GsaIHaXxhwU",
          "checksum": "29a832916c63eb8e6b7f27ab7ef80a92"
        },
        {
          "type": "image",
          "assetId": "00Y_ePwD42Qj-H",
          "checksum": "00bfa3851b5a59d71d99518de6b8a8dd"
        },
        {
          "type": "image",
          "assetId": "2IMAczVj7zknTx",
          "checksum": "b162403c6de62e3b9a606cff5c4652d1"
        },
        {
          "type": "image",
          "assetId": "BmdhiILESc2bL4",
          "checksum": "d1ccf79274aaecfd977c1f069cd5d43d"
        },
        {
          "type": "image",
          "assetId": "xix8S84vs7iUvL",
          "checksum": "5ce285efe8912a745907b9b245d664ae"
        },
        {
          "type": "image",
          "assetId": "I1DpTTBHwu2ZQh",
          "checksum": "c5547187a1e9b23b57c6ac1a0daf9ac2"
        },
        {
          "type": "image",
          "assetId": "fWdYy1cg2aXU0R",
          "checksum": "b7d75b4a05735fe184caeb324f8ae083"
        },
        {
          "type": "image",
          "assetId": "fQ8OS5DuFebN1M",
          "checksum": "d942e5ccc75cff728ef73974bb77dc3b"
        },
        {
          "type": "image",
          "assetId": "bQR_cj_8BBq0iV",
          "checksum": "aef99bd61bdd9b46da1784bc216bdfcd"
        },
        {
          "type": "image",
          "assetId": "l3c44p0gX3uebE",
          "checksum": "286bc669b7960fc38a76242b1bfd2614"
        },
        {
          "type": "image",
          "assetId": "k0F182Darn8d1l",
          "checksum": "4dc32572c2f98277bba89fe2ebf0ce4d"
        },
        {
          "type": "image",
          "assetId": "t-CloX55vma1dk",
          "checksum": "6b165cad94dd917dd5701252ebbc5c92"
        },
        {
          "type": "image",
          "assetId": "SbM1h1So3KMLS5",
          "checksum": "4769fea48e15f729a251b489a389a6cb"
        },
        {
          "type": "image",
          "assetId": "1NEvPpFbJLHSNn",
          "checksum": "cd9c3eb18dd149b68879d8a160e4af81"
        },
        {
          "type": "image",
          "assetId": "DhwC2g3SAYKXdy",
          "checksum": "352d01d74dbb33b0f1bf4724bfadc4ab"
        },
        {
          "type": "image",
          "assetId": "Yl0uaTodusgy0c",
          "checksum": "7be1c1fee19fe86e432bbf337dec8808"
        },
        {
          "type": "image",
          "assetId": "9f-GoWBXTPf6s6",
          "checksum": "803966335f9bd0626d15adf6e809a5d1"
        },
        {
          "type": "image",
          "assetId": "6yPpb-6cFoE4zV",
          "checksum": "bd6eff190946de3e6ad21b27d83f1493"
        },
        {
          "type": "image",
          "assetId": "6NH-M1onMPh1Ec",
          "checksum": "a6e689ccea938421a6a5a2ca83488562"
        },
        {
          "type": "image",
          "assetId": "KiH8mjymMOTTDE",
          "checksum": "1d1389c493c260260a997a70e7212264"
        },
        {
          "type": "image",
          "assetId": "ajRr4_QCottJkK",
          "checksum": "aeb4e23a0303f96bc46d9cb8c9d1f51f"
        },
        {
          "type": "image",
          "assetId": "vjI78t8JiNrUDK",
          "checksum": "fe5cfc0c424dd8a7a8d7cc62b622fb73"
        },
        {
          "type": "image",
          "assetId": "oodxIkG87_9jrz",
          "checksum": "c0360ec4716137cc633ce9cbb2c9d15c"
        },
        {
          "type": "image",
          "assetId": "DVHky7J4loTOQe",
          "checksum": "de9b398636cec5333c26a29501da75c8"
        },
        {
          "type": "image",
          "assetId": "mwAdE86Vi2nnoX",
          "checksum": "e42f181d5e2c872f1e669a0056e8c059"
        },
        {
          "type": "image",
          "assetId": "eVeeibwHmY8jhP",
          "checksum": "d6d52f75488f33216459cb680aa3d0b7"
        },
        {
          "type": "image",
          "assetId": "hBYZ7oorxZl7_B",
          "checksum": "55d83f420a89badb3aa76e71eb9b17b0"
        },
        {
          "type": "image",
          "assetId": "FZyNgSM1W-j6Ej",
          "checksum": "822cb631a963f20839db51f0a7fe14f4"
        },
        {
          "type": "image",
          "assetId": "KAqCJuCncMbTXe",
          "checksum": "b09fdd75f053ad416cd4c629d3b0d41b"
        },
        {
          "type": "image",
          "assetId": "Ae520HHTzWjnG2",
          "checksum": "ea8bb26a840f301b4243fa36fb426a6b"
        },
        {
          "type": "image",
          "assetId": "T0VmlcygEclkSb",
          "checksum": "015bf4884f7669cf510862b5da327170"
        },
        {
          "type": "image",
          "assetId": "VkhZZR8OfVNJV1",
          "checksum": "a35b24869f6c9967719ec878d7f788b8"
        },
        {
          "type": "image",
          "assetId": "9WMQoRE_pMd1Z_",
          "checksum": "e2832108ab432a3c6845dac616212007"
        },
        {
          "type": "image",
          "assetId": "PLzdJj0ASDTq-P",
          "checksum": "c5662472c0728ca13b9753f2f0478120"
        },
        {
          "type": "image",
          "assetId": "OkcGnEV9WDE1kO",
          "checksum": "b7c108f3da3da89ad8bbd3284feb3e9f"
        },
        {
          "type": "image",
          "assetId": "VX8cDI6zq_thWn",
          "checksum": "29324c13a973d639a64bc30be2d3c291"
        },
        {
          "type": "image",
          "assetId": "elClAghWPBAdu-",
          "checksum": "0ac79480524a6ceb3ba48f3929c43db0"
        },
        {
          "type": "image",
          "assetId": "mWnNmEZo63-yQ2",
          "checksum": "bcd18b8cbad4b3c53c514ab763280788"
        },
        {
          "type": "image",
          "assetId": "HbFrzbL0JBDo4y",
          "checksum": "b42e41f7d40db5ae022b76e545361c60"
        },
        {
          "type": "image",
          "assetId": "vWAp-Q9dlCIYXe",
          "checksum": "6ea55cdc28ca3b010dfff45c5593a916"
        },
        {
          "type": "image",
          "assetId": "1Utv-NMgZ1hxFF",
          "checksum": "40cbb4cdbaea41a1f30db4e6f0d56ad6"
        },
        {
          "type": "image",
          "assetId": "h6s0aXb1MadrvB",
          "checksum": "7055c3482955c647f77d0ecff48898d3"
        },
        {
          "type": "image",
          "assetId": "6syvpmWGzVtm3F",
          "checksum": "6a4f624011df538362ac0b0411be1321"
        },
        {
          "type": "image",
          "assetId": "b3PO-L5peN59WW",
          "checksum": "dc80625853c16e4d14d7d4c055770045"
        },
        {
          "type": "image",
          "assetId": "e3WFvazaPataS7",
          "checksum": "6985eb46939a5dd6bd9068828c67f3c1"
        },
        {
          "type": "image",
          "assetId": "okWr75KirYqPK3",
          "checksum": "7892d5b481cae73138f4fef65044c8e8"
        },
        {
          "type": "image",
          "assetId": "owMIiMVgMu91-X",
          "checksum": "708efafd1ac9e72205919a9616ed4b26"
        },
        {
          "type": "image",
          "assetId": "DD3EnOR_-AXC0P",
          "checksum": "30d65d02f188d98a34b98b9a275d4b4f"
        },
        {
          "type": "image",
          "assetId": "FzlRttm2KfI-He",
          "checksum": "6676deac7eb9644c92e10844d54e978f"
        },
        {
          "type": "image",
          "assetId": "Muib26sJ8T5Oa_",
          "checksum": "01dfa430b33fc8e82ab12e5f3bbf364f"
        },
        {
          "type": "image",
          "assetId": "0vlt_0eSX1abee",
          "checksum": "edb8d9b934a523737cc06f3baa3a1ded"
        },
        {
          "type": "image",
          "assetId": "OR8PNoq8Jb6kH1",
          "checksum": "9b8cf581b8aebf5eb1906487a937e69a"
        },
        {
          "type": "image",
          "assetId": "qmy0PPkSV126F3",
          "checksum": "759a1b359afa2873776efdb5f76b29d3"
        },
        {
          "type": "image",
          "assetId": "sFt6Yc8uDrNB9H",
          "checksum": "eba289c7d8c58f034c9f8b363a2a26d1"
        },
        {
          "type": "image",
          "assetId": "LHzi9-i66vgGOk",
          "checksum": "b8063a1781e53b516ad38dd305fdd6ff"
        },
        {
          "type": "image",
          "assetId": "zmf_Jqq9M",
          "checksum": "fb2208e697a35bbcf837a0f32eff69e3"
        },
        {
          "type": "image",
          "assetId": "PV445oO0G1",
          "checksum": "bc359c805619a6aa99fb4a652ebfe586"
        },
        {
          "type": "image",
          "assetId": "vj2AnvWj-s",
          "checksum": "b3d15c3b4186aa0e16fc54a9d8730225"
        },
        {
          "type": "image",
          "assetId": "soVm4KTWTl",
          "checksum": "35a5d4a56be26480050e239daa335588"
        },
        {
          "type": "image",
          "assetId": "NTUKYrSFjl",
          "checksum": "916f1f3a5b82a13dcc8cb6f92d627856"
        },
        {
          "type": "image",
          "assetId": "tSfiLK0L-n",
          "checksum": "8edc1b31e89f34721505a368447cb5d0"
        },
        {
          "type": "image",
          "assetId": "92FIagZ7_S",
          "checksum": "01272fa1f4440548043b047f2909e186"
        },
        {
          "type": "image",
          "assetId": "YPJ6FBjKyD",
          "checksum": "4cb184b5ab22a6f468c96d5069eb2808"
        },
        {
          "type": "image",
          "assetId": "Xh684X5qbN",
          "checksum": "f7cb1a6bee3c49b6f379a1ab9bda7008"
        },
        {
          "type": "image",
          "assetId": "QugYxU9qKu",
          "checksum": "bf9eb5b5fe252e8d16e3832eebe80959"
        },
        {
          "type": "image",
          "assetId": "YjvgEzXO83",
          "checksum": "29dd04e6de80b5c3751f19492d03484f"
        },
        {
          "type": "image",
          "assetId": "7u8WpyJD0r",
          "checksum": "b478dd872c321999d39c452333952925"
        },
        {
          "type": "image",
          "assetId": "hmadH68m-3",
          "checksum": "72f7a08754fe50ab01f1fcd2a6605658"
        },
        {
          "type": "image",
          "assetId": "rv2Ct8mVdS",
          "checksum": "a6e747fcc1d3eb6ea024c95974c877e8"
        },
        {
          "type": "image",
          "assetId": "OGJJMIZFF5",
          "checksum": "0fae076c158d5e7e516f8dc0f0f83383"
        },
        {
          "type": "image",
          "assetId": "Z3HwY_q27A",
          "checksum": "b2cb8e4b99fdf04c3d2f97294aec7e41"
        },
        {
          "type": "image",
          "assetId": "sANkmnK0Qzy",
          "checksum": "d28a89bd732d4c426c436b0f02c6b33c"
        },
        {
          "type": "image",
          "assetId": "RVCjSq6QGg2",
          "checksum": "f34aceed131c8bd51641e60bfe595f77"
        },
        {
          "type": "image",
          "assetId": "IgJVk2BHVdu",
          "checksum": "a106098d4e643b88f320db5cf008d4fe"
        },
        {
          "type": "image",
          "assetId": "VV9chCm3YiI",
          "checksum": "01188deb2c66630919ba9278bbce921e"
        },
        {
          "type": "image",
          "assetId": "cCqhQUqZ8_8",
          "checksum": "30135f82dc6bedc7038fd4523e0aa6b2"
        },
        {
          "type": "image",
          "assetId": "iqd4GlqHhbJ",
          "checksum": "6105b0e6ef6d37b594bd49ef9aca7770"
        },
        {
          "type": "image",
          "assetId": "A-24LhAZBpx",
          "checksum": "00a43bca7d301629e014109d2bde0d15"
        },
        {
          "type": "image",
          "assetId": "cHOibZncFnf",
          "checksum": "687006d8bacc5ce00feedf31edb92a5e"
        },
        {
          "type": "image",
          "assetId": "CulUPlJTj6J",
          "checksum": "3ff6f669f2308f033844ecd43ba2924d"
        },
        {
          "type": "image",
          "assetId": "MX-hdC_0tYk",
          "checksum": "a2db1d4293607e7ac27d8117a0ae2350"
        },
        {
          "type": "image",
          "assetId": "oqCoO7SuIy7",
          "checksum": "1a69d7ef667a96e7e8cadc37328c9f65"
        },
        {
          "type": "image",
          "assetId": "pJLlAkr-Ckv",
          "checksum": "b50ccc72e7473732d83453488a598ff1"
        },
        {
          "type": "image",
          "assetId": "URFUC82gFww",
          "checksum": "2cd3ead02e15b1e536d47eb52753a83b"
        },
        {
          "type": "image",
          "assetId": "kolgbZ1xk4a",
          "checksum": "aa51326627fe5aec738699a3d7ae9ac0"
        },
        {
          "type": "image",
          "assetId": "EkQsYzG2-0A",
          "checksum": "98e01dd3ef4c3f9e3a5222b65b71bfb1"
        },
        {
          "type": "image",
          "assetId": "XSIKZZwswpQ",
          "checksum": "9f96c2ca451eff873a381b3f2e5e7a2e"
        },
        {
          "type": "image",
          "assetId": "wkWFD-4Tlny",
          "checksum": "4b7424a0809361fbd6565d36cdce1895"
        },
        {
          "type": "image",
          "assetId": "Dh9ilpWRozk",
          "checksum": "c1816acec6ecb5ac2a7b254532cf8184"
        },
        {
          "type": "image",
          "assetId": "BfE_Z2bUM-g",
          "checksum": "f05bbca96142a85b314f9499429ee6aa"
        },
        {
          "type": "image",
          "assetId": "pRKAynD39sS",
          "checksum": "c072b6ee6c2307cae309b6cb5fd21bc4"
        },
        {
          "type": "image",
          "assetId": "faMTTGrubS1",
          "checksum": "6772442feaef9037ab504889a579ff6e"
        },
        {
          "type": "image",
          "assetId": "gX_Wu3PF4rQ",
          "checksum": "4d3b18344d9b5cef88d49ddf864820d8"
        },
        {
          "type": "image",
          "assetId": "IPS6J4HOQ9r",
          "checksum": "302e08567839116cd52b2c2039aa9b79"
        },
        {
          "type": "image",
          "assetId": "YoeFl5SOOYJ",
          "checksum": "8b39fe610d9147037b6f86ecb8fdf9cb"
        },
        {
          "type": "image",
          "assetId": "J5rKvwCk9QT",
          "checksum": "c296b078a259c592f707a5e241782fb5"
        },
        {
          "type": "image",
          "assetId": "ZMFn8CJgMhX",
          "checksum": "f78c7ee7b10deb3dc91829b8c08358fe"
        },
        {
          "type": "image",
          "assetId": "OYBfe2xcUaz",
          "checksum": "ff35dc7a3c472c0628135d6a2b8df9e1"
        },
        {
          "type": "image",
          "assetId": "jy8zXtfZJWp",
          "checksum": "6e99a97110ab2a42562a37a1ac132d7a"
        },
        {
          "type": "image",
          "assetId": "W-_XBgARsTK",
          "checksum": "3da05e89daecc331cd088aea2d246ee0"
        },
        {
          "type": "image",
          "assetId": "U1Ie7QapPLI",
          "checksum": "97303d84f3767685da32b2ba6c1cf035"
        },
        {
          "type": "image",
          "assetId": "ijESuBjoTaq",
          "checksum": "d90c6d55e9f727a921e47c84345742ec"
        },
        {
          "type": "image",
          "assetId": "qIZwxcKIOZL",
          "checksum": "27a2201789d2e3d136789a633625943a"
        },
        {
          "type": "image",
          "assetId": "mSHoKuur_jr",
          "checksum": "471505b3e13f52a248594cd0b96741b3"
        },
        {
          "type": "image",
          "assetId": "C8ri_tNexHx",
          "checksum": "f8791673281afd875bb82bb3d43b42e1"
        },
        {
          "type": "image",
          "assetId": "T2157YQ5qmG",
          "checksum": "bfdf06a2f3b515986b312649793c0e9e"
        },
        {
          "type": "image",
          "assetId": "ZLLf_TEcWVm",
          "checksum": "07feffe96ec21d8b652d804d7d521887"
        },
        {
          "type": "image",
          "assetId": "fMBRgxHAP7V",
          "checksum": "4091f746cdd7ccfdd9827f41150a2af1"
        },
        {
          "type": "image",
          "assetId": "390Yot4OO4x",
          "checksum": "50588ea42b1ff53176665755e86325ce"
        },
        {
          "type": "image",
          "assetId": "b73c1X_hjVS",
          "checksum": "01cf1d1eb6770e93ff1e23d732ac2daa"
        },
        {
          "type": "image",
          "assetId": "jB6kFpnqzm6",
          "checksum": "b27040ae81baa8738d255d6f5f37057f"
        },
        {
          "type": "image",
          "assetId": "OaK-o-95gOw",
          "checksum": "6b52c9b9e30c99af77c14f0b372d2b6c"
        },
        {
          "type": "image",
          "assetId": "M8nfOBArSdb",
          "checksum": "85e06e0c624103a8e0f53b164689e90b"
        },
        {
          "type": "image",
          "assetId": "p1anFAQJH4i",
          "checksum": "cd36afd7fbf09d57231c35faffd561df"
        },
        {
          "type": "image",
          "assetId": "Nq1-uxAhJzx",
          "checksum": "686c816da5a972521199d115fce36e01"
        },
        {
          "type": "image",
          "assetId": "YX6SsazUort",
          "checksum": "4b45355af31bca6b4c803bbccef7ddda"
        },
        {
          "type": "image",
          "assetId": "37ag-wQrycI",
          "checksum": "ffc27a2d73b149fed6b35507965509d4"
        },
        {
          "type": "image",
          "assetId": "43bjjcaqPE7",
          "checksum": "fb5667f3e70c623925b32aff99189d3d"
        },
        {
          "type": "image",
          "assetId": "U-q4AfG35CZ",
          "checksum": "a20d5cf510e8fcf5cc432c3e0dd794cd"
        },
        {
          "type": "image",
          "assetId": "dsdHz3r96C4",
          "checksum": "8a630db138cee27c69d0d34f75cc6828"
        },
        {
          "type": "image",
          "assetId": "AR6RAD_Ljf1",
          "checksum": "92475c6ac16d02887987b436ce62dd4a"
        },
        {
          "type": "image",
          "assetId": "5foUMaSZoXj",
          "checksum": "46e8d7ca720b4ec903702c1a7382cb4d"
        },
        {
          "type": "image",
          "assetId": "7gERlslkM-y",
          "checksum": "7b02887be6f39c7abcb938fd4d8aebed"
        },
        {
          "type": "image",
          "assetId": "sOpcH1mzUC3",
          "checksum": "2fdbd108eae4473e9de72d65edbb09a0"
        },
        {
          "type": "image",
          "assetId": "WKyMwLdEJ9r",
          "checksum": "6d70b46d94f32daff00aa3fc2fa55881"
        },
        {
          "type": "image",
          "assetId": "C7ONlCMBXGw",
          "checksum": "28dc29069fd01fd65cfe752fc6994722"
        },
        {
          "type": "image",
          "assetId": "oIsUzXprrSG",
          "checksum": "23cbc0bcea4902fe4b093b0bc846d6b2"
        },
        {
          "type": "image",
          "assetId": "Gax9_vUhFU4",
          "checksum": "6ae084cbf9a0964734b48603702d1da3"
        },
        {
          "type": "image",
          "assetId": "1KG9ry71eDc",
          "checksum": "f44f602e665c2006a2e6630e868a97f1"
        },
        {
          "type": "image",
          "assetId": "g5VofysYMs4",
          "checksum": "b0c97bf6a7e7d812796ee6a55df310d9"
        },
        {
          "type": "image",
          "assetId": "U7SaPnLKt6N",
          "checksum": "c757f22d596fb2305c3168d991a2662e"
        },
        {
          "type": "image",
          "assetId": "7E_SZQ0WZzx",
          "checksum": "3bce4b27242f708d4bcf2f69e8b9e065"
        },
        {
          "type": "image",
          "assetId": "ONbkUB1WJBD",
          "checksum": "e7100e36f064066b1e92b16ed649d82e"
        },
        {
          "type": "image",
          "assetId": "xN_1gFjkjAr",
          "checksum": "a1883f744ac01de03d049178afa41ceb"
        },
        {
          "type": "image",
          "assetId": "fNh8WPuzPgE",
          "checksum": "a1d4aaa9c2e62eb3508ec7a1c2ebd664"
        }
      ],
      "codegenVersion": "0.0.1"
    }
  ],
  "cliVersion": "0.1.275"
}
